
Microsoft Visual Studio Solution File, Format Version 12.00
# Visual Studio 15
VisualStudioVersion = 15.0.27130.2027
MinimumVisualStudioVersion = 10.0.40219.1
Project("{2150E333-8FDC-42A3-9474-1A3956D46DE8}") = "root", "root", "{48147844-A87B-45D7-A428-1909094301B2}"
	ProjectSection(SolutionItems) = preProject
		.appveyor.yml = .appveyor.yml
		.gitattributes = .gitattributes
		.gitignore = .gitignore
		.travis.yml = .travis.yml
		build.cake = build.cake
		build.ps1 = build.ps1
		build.sh = build.sh
		CHANGELOG.md = CHANGELOG.md
		config.wyam = config.wyam
		LICENSE.md = LICENSE.md
		NuGet.Config = NuGet.Config
		pomma89.snk = pomma89.snk
		Random_src.zip = Random_src.zip
		RandomTester_src.zip = RandomTester_src.zip
		README.md = README.md
	EndProjectSection
EndProject
Project("{FAE04EC0-301F-11D3-BF4B-00C04F79EFBC}") = "Troschuetz.Random.Tester", "test\Troschuetz.Random.Tester\Troschuetz.Random.Tester.csproj", "{598F64C2-1343-4202-B6A7-A91CF3248D0C}"
EndProject
Project("{2150E333-8FDC-42A3-9474-1A3956D46DE8}") = "logo", "logo", "{07EA9A7E-47F0-4173-855E-4A5B6B517A66}"
	ProjectSection(SolutionItems) = preProject
		logo\logo-128.png = logo\logo-128.png
		logo\logo-256.png = logo\logo-256.png
		logo\logo-32.png = logo\logo-32.png
		logo\logo-64.png = logo\logo-64.png
		logo\logo-original.png = logo\logo-original.png
	EndProjectSection
EndProject
Project("{FAE04EC0-301F-11D3-BF4B-00C04F79EFBC}") = "Troschuetz.Random.Examples", "test\Troschuetz.Random.Examples\Troschuetz.Random.Examples.csproj", "{52A4D144-3BA1-4768-9F3B-90F5DC86746B}"
EndProject
Project("{2150E333-8FDC-42A3-9474-1A3956D46DE8}") = "src", "src", "{31B8643F-2BBD-4221-8928-62B6B4B221D5}"
	ProjectSection(SolutionItems) = preProject
		src\Directory.Build.props = src\Directory.Build.props
	EndProjectSection
EndProject
Project("{9A19103F-16F7-4668-BE54-9A1E7A4F7556}") = "Troschuetz.Random", "src\Troschuetz.Random\Troschuetz.Random.csproj", "{938B9A4C-7CD4-4DEC-8219-9EA1E6116EDE}"
EndProject
Project("{2150E333-8FDC-42A3-9474-1A3956D46DE8}") = "test", "test", "{8A09F61A-61A7-4409-B58B-BFC5B16A1EAE}"
	ProjectSection(SolutionItems) = preProject
		test\Directory.Build.props = test\Directory.Build.props
	EndProjectSection
EndProject
Project("{9A19103F-16F7-4668-BE54-9A1E7A4F7556}") = "Troschuetz.Random.UnitTests", "test\Troschuetz.Random.UnitTests\Troschuetz.Random.UnitTests.csproj", "{3305B6F6-FE17-4DAD-909B-EE59D27DF269}"
EndProject
Project("{2150E333-8FDC-42A3-9474-1A3956D46DE8}") = "tools", "tools", "{66410BEC-6F4E-401D-B4CA-2E17B985D16D}"
	ProjectSection(SolutionItems) = preProject
		tools\packages.config = tools\packages.config
	EndProjectSection
EndProject
Project("{9A19103F-16F7-4668-BE54-9A1E7A4F7556}") = "Troschuetz.Random.Benchmarks", "test\Troschuetz.Random.Benchmarks\Troschuetz.Random.Benchmarks.csproj", "{B9201484-F681-48CE-9331-CC64A48B75E8}"
EndProject
Global
	GlobalSection(SolutionConfigurationPlatforms) = preSolution
		Debug|Any CPU = Debug|Any CPU
		Release|Any CPU = Release|Any CPU
	EndGlobalSection
	GlobalSection(ProjectConfigurationPlatforms) = postSolution
		{598F64C2-1343-4202-B6A7-A91CF3248D0C}.Debug|Any CPU.ActiveCfg = Debug|Any CPU
		{598F64C2-1343-4202-B6A7-A91CF3248D0C}.Debug|Any CPU.Build.0 = Debug|Any CPU
		{598F64C2-1343-4202-B6A7-A91CF3248D0C}.Release|Any CPU.ActiveCfg = Release|Any CPU
		{598F64C2-1343-4202-B6A7-A91CF3248D0C}.Release|Any CPU.Build.0 = Release|Any CPU
		{52A4D144-3BA1-4768-9F3B-90F5DC86746B}.Debug|Any CPU.ActiveCfg = Debug|Any CPU
		{52A4D144-3BA1-4768-9F3B-90F5DC86746B}.Debug|Any CPU.Build.0 = Debug|Any CPU
		{52A4D144-3BA1-4768-9F3B-90F5DC86746B}.Release|Any CPU.ActiveCfg = Release|Any CPU
		{52A4D144-3BA1-4768-9F3B-90F5DC86746B}.Release|Any CPU.Build.0 = Release|Any CPU
		{938B9A4C-7CD4-4DEC-8219-9EA1E6116EDE}.Debug|Any CPU.ActiveCfg = Debug|Any CPU
		{938B9A4C-7CD4-4DEC-8219-9EA1E6116EDE}.Debug|Any CPU.Build.0 = Debug|Any CPU
		{938B9A4C-7CD4-4DEC-8219-9EA1E6116EDE}.Release|Any CPU.ActiveCfg = Release|Any CPU
		{938B9A4C-7CD4-4DEC-8219-9EA1E6116EDE}.Release|Any CPU.Build.0 = Release|Any CPU
		{3305B6F6-FE17-4DAD-909B-EE59D27DF269}.Debug|Any CPU.ActiveCfg = Debug|Any CPU
		{3305B6F6-FE17-4DAD-909B-EE59D27DF269}.Debug|Any CPU.Build.0 = Debug|Any CPU
		{3305B6F6-FE17-4DAD-909B-EE59D27DF269}.Release|Any CPU.ActiveCfg = Release|Any CPU
		{3305B6F6-FE17-4DAD-909B-EE59D27DF269}.Release|Any CPU.Build.0 = Release|Any CPU
		{B9201484-F681-48CE-9331-CC64A48B75E8}.Debug|Any CPU.ActiveCfg = Debug|Any CPU
		{B9201484-F681-48CE-9331-CC64A48B75E8}.Debug|Any CPU.Build.0 = Debug|Any CPU
		{B9201484-F681-48CE-9331-CC64A48B75E8}.Release|Any CPU.ActiveCfg = Release|Any CPU
		{B9201484-F681-48CE-9331-CC64A48B75E8}.Release|Any CPU.Build.0 = Release|Any CPU
	EndGlobalSection
	GlobalSection(SolutionProperties) = preSolution
		HideSolutionNode = FALSE
	EndGlobalSection
	GlobalSection(NestedProjects) = preSolution
		{598F64C2-1343-4202-B6A7-A91CF3248D0C} = {8A09F61A-61A7-4409-B58B-BFC5B16A1EAE}
		{52A4D144-3BA1-4768-9F3B-90F5DC86746B} = {8A09F61A-61A7-4409-B58B-BFC5B16A1EAE}
		{938B9A4C-7CD4-4DEC-8219-9EA1E6116EDE} = {31B8643F-2BBD-4221-8928-62B6B4B221D5}
		{3305B6F6-FE17-4DAD-909B-EE59D27DF269} = {8A09F61A-61A7-4409-B58B-BFC5B16A1EAE}
		{66410BEC-6F4E-401D-B4CA-2E17B985D16D} = {48147844-A87B-45D7-A428-1909094301B2}
		{B9201484-F681-48CE-9331-CC64A48B75E8} = {8A09F61A-61A7-4409-B58B-BFC5B16A1EAE}
	EndGlobalSection
	GlobalSection(ExtensibilityGlobals) = postSolution
		SolutionGuid = {6F2AE4A2-7006-424E-8238-8FECD449D5D6}
	EndGlobalSection
EndGlobal
